{
    "_meta": {
        "hash": {
            "sha256": "775f7adc95f8141afd63ad25513c6ddc74f9b688cfff3367c712e0ccf5213153"
        },
        "pipfile-spec": 6,
        "requires": {
            "python_version": "^3.8"
        },
        "sources": [
            {
                "name": "pypi",
                "url": "https://pypi.org/simple",
                "verify_ssl": true
            }
        ]
    },
    "default": {},
    "develop": {}
}
